lockfileVersion: '9.0'

settings:
  autoInstallPeers: true
  excludeLinksFromLockfile: false

importers:

  .:
    dependencies:
      prettier:
        specifier: ^3.9.6
        version: 3.9.6
      prettier-plugin-packagejson:
        specifier: ^3.0.2
        version: 3.0.2(prettier@3.9.6)
    devDependencies:
      turbo:
        specifier: ^2.5.4
        version: 2.10.11

  apps/1app: {}

packages:

  '@turbo/darwin-64@2.10.11':
    resolution: {integrity: sha512-v3R+1R/Ysozyo+p7Ri8MCIbndOvYt3DgPFrGLhrhQHfvyvbxyH3WyJj+A/2JTNmNleuAlh3JUyCV0iSVHIONTA==}
    cpu: [x64]
    os: [darwin]

  '@turbo/darwin-arm64@2.10.11':
    resolution: {integrity: sha512-R0a0CvGAeYYsBgPIgFNB3agGXh6qukjduNhFlwVVX1Ss2IdBJLXmgjytNGmo084bLKS0B6UdLRwKhXMHKKaObQ==}
    cpu: [arm64]
    os: [darwin]

  '@turbo/linux-64@2.10.11':
    resolution: {integrity: sha512-dGlY2vg7jpsLjGS1bf9sD/cw1sGMAYbeHGQKGRFxd5Zaj+Ufbj8cNXl/vIit8ueCU97zhL/znn60ZV5iSfZAxw==}
    cpu: [x64]
    os: [android, linux]

  '@turbo/linux-arm64@2.10.11':
    resolution: {integrity: sha512-eSP9+jjsSCBs2x0QpJZlp49dSD1EIMwXH7PsMIhdWk7w6IThhuKJ+jL95JQ2IW7tRjRmdh8gKcKQtrHLD5R5lA==}
    cpu: [arm64]
    os: [android, linux]

  '@turbo/windows-64@2.10.11':
    resolution: {integrity: sha512-4aD7edogJ8arK8DOyvjTI2KKwmchD5M/WM4BZgidrtFf7aSgn8Ce2rJnDwmriw980c2cKlHnhXtlGy38VtKB8g==}
    cpu: [x64]
    os: [win32]

  '@turbo/windows-arm64@2.10.11':
    resolution: {integrity: sha512-m8tJkIrTrbQ9O1uHxV0GUq623Zg1678xGna8eMsy4KbygUX/wVFgdZDYV/AxyoyaW/U7nyKoBvaDVwm22p9xqA==}
    cpu: [arm64]
    os: [win32]

  detect-indent@7.0.2:
    resolution: {integrity: sha512-y+8xyqdGLL+6sh0tVeHcfP/QDd8gUgbasolJJpY7NgeQGSZ739bDtSiaiDgtoicy+mtYB81dKLxO9xRhCyIB3A==}
    engines: {node: '>=12.20'}

  detect-newline@4.0.1:
    resolution: {integrity: sha512-qE3Veg1YXzGHQhlA6jzebZN2qVf6NX+A7m7qlhCGG30dJixrAQhYOsJjsnBjJkCSmuOPpCk30145fr8FV0bzog==}
    engines: {node: ^12.20.0 || ^14.13.1 || >=16.0.0}

  fdir@6.5.0:
    resolution: {integrity: sha512-tIbYtZbucOs0BRGqPJkshJUYdL+SDH7dVM8gjy+ERp3WAUjLEFJE+02kanyHtwjWOnwrKYBiwAmM0p4kLJAnXg==}
    engines: {node: '>=12.0.0'}
    peerDependencies:
      picomatch: ^3 || ^4
    peerDependenciesMeta:
      picomatch:
        optional: true

  git-hooks-list@4.2.1:
    resolution: {integrity: sha512-WNvqJjOxxs/8ZP9+DWdwWJ7cDsd60NHf39XnD82pDVrKO5q7xfPqpkK6hwEAmBa/ZSEE4IOoR75EzbbIuwGlMw==}

  is-plain-obj@4.1.0:
    resolution: {integrity: sha512-+Pgi+vMuUNkJyExiMBt5IlFoMyKnr5zhJ4Uspz58WOhBF5QoIZkFyNHIbBAtHwzVAgk5RtndVNsDRN61/mmDqg==}
    engines: {node: '>=12'}

  picomatch@4.0.5:
    resolution: {integrity: sha512-RvwwcruNjI1ncT5xRakeyS9Lf8lcItv34KD+aif+VH9kduAyfYBipGh12274xtenIPZ119/R9BdTBa8gAwSh0A==}
    engines: {node: '>=12'}

  prettier-plugin-packagejson@3.0.2:
    resolution: {integrity: sha512-kmoj3hEynXwoHDo8ZhmWAIjRBoQWCDUVackiWfSDWdgD0rS3LGB61T9zoVbume/cotYdCoadUh4sqViAmXvpBQ==}
    peerDependencies:
      prettier: ^3
    peerDependenciesMeta:
      prettier:
        optional: true

  prettier@3.9.6:
    resolution: {integrity: sha512-OpN0zzVdiaiAhxpuuj5efpIS4sY9j7bY6uR5mnj5yPzGkdkjNKSJeUThPb60Jw29QuAZgA4o+/iB49kFiaBX6g==}
    engines: {node: '>=14'}
    hasBin: true

  semver@7.8.5:
    resolution: {integrity: sha512-Y7/KDsb8LjooZpwaqGyulO6DQlksgCncchHGk+sZIY4SBvUocMBEFH5Ur1fI4dV+Jvl0w6cjvucaIi40puRioA==}
    engines: {node: '>=10'}
    hasBin: true

  sort-object-keys@2.1.0:
    resolution: {integrity: sha512-SOiEnthkJKPv2L6ec6HMwhUcN0/lppkeYuN1x63PbyPRrgSPIuBJCiYxYyvWRTtjMlOi14vQUCGUJqS6PLVm8g==}

  sort-package-json@3.7.1:
    resolution: {integrity: sha512-ssk1HG7whF8N/T1IsNAQrtHG5Cbdi0rAgRJZXYBr9hF5xaHnBNzUx/W6LcthEW7FhOwvZssbESZuO+GxssqAyA==}
    engines: {node: '>=20'}
    hasBin: true

  tinyglobby@0.2.17:
    resolution: {integrity: sha512-wXR/dYpcqKmfWpEdZjiKJOwCNFndD0DMnrW/cYjVGttEkBfVgcLFHoNrlj47mjOVic9yyNu65alsgF4NQyTa2g==}
    engines: {node: '>=12.0.0'}

  turbo@2.10.11:
    resolution: {integrity: sha512-yQfwQVoRXwOuyX1LxiJFBFNg6VfuYh+/RyZLd82+isgyLkBXw3S5XRRzvcck1FAjSCG5sVyLd+O1eDMvYa3J7g==}
    hasBin: true

snapshots:

  '@turbo/darwin-64@2.10.11':
    optional: true

  '@turbo/darwin-arm64@2.10.11':
    optional: true

  '@turbo/linux-64@2.10.11':
    optional: true

  '@turbo/linux-arm64@2.10.11':
    optional: true

  '@turbo/windows-64@2.10.11':
    optional: true

  '@turbo/windows-arm64@2.10.11':
    optional: true

  detect-indent@7.0.2: {}

  detect-newline@4.0.1: {}

  fdir@6.5.0(picomatch@4.0.5):
    optionalDependencies:
      picomatch: 4.0.5

  git-hooks-list@4.2.1: {}

  is-plain-obj@4.1.0: {}

  picomatch@4.0.5: {}

  prettier-plugin-packagejson@3.0.2(prettier@3.9.6):
    dependencies:
      sort-package-json: 3.7.1
    optionalDependencies:
      prettier: 3.9.6

  prettier@3.9.6: {}

  semver@7.8.5: {}

  sort-object-keys@2.1.0: {}

  sort-package-json@3.7.1:
    dependencies:
      detect-indent: 7.0.2
      detect-newline: 4.0.1
      git-hooks-list: 4.2.1
      is-plain-obj: 4.1.0
      semver: 7.8.5
      sort-object-keys: 2.1.0
      tinyglobby: 0.2.17

  tinyglobby@0.2.17:
    dependencies:
      fdir: 6.5.0(picomatch@4.0.5)
      picomatch: 4.0.5

  turbo@2.10.11:
    optionalDependencies:
      '@turbo/darwin-64': 2.10.11
      '@turbo/darwin-arm64': 2.10.11
      '@turbo/linux-64': 2.10.11
      '@turbo/linux-arm64': 2.10.11
      '@turbo/windows-64': 2.10.11
      '@turbo/windows-arm64': 2.10.11
